
Microsoft Visual Studio Solution File, Format Version 12.00
# Visual Studio Version 17
VisualStudioVersion = 17.4.33213.308
MinimumVisualStudioVersion = 10.0.40219.1
Project("{FAE04EC0-301F-11D3-BF4B-00C04F79EFBC}") = "Week15OOPAndFiles", "Week15OOPAndFiles\Week15OOPAndFiles.csproj", "{AA114F2E-FF3D-4793-A605-C0C6765FF215}"
EndProject
Global
	GlobalSection(SolutionConfigurationPlatforms) = preSolution
		Debug|Any CPU = Debug|Any CPU
		Release|Any CPU = Release|Any CPU
	EndGlobalSection
	GlobalSection(ProjectConfigurationPlatforms) = postSolution
		{AA114F2E-FF3D-4793-A605-C0C6765FF215}.Debug|Any CPU.ActiveCfg = Debug|Any CPU
		{AA114F2E-FF3D-4793-A605-C0C6765FF215}.Debug|Any CPU.Build.0 = Debug|Any CPU
		{AA114F2E-FF3D-4793-A605-C0C6765FF215}.Release|Any CPU.ActiveCfg = Release|Any CPU
		{AA114F2E-FF3D-4793-A605-C0C6765FF215}.Release|Any CPU.Build.0 = Release|Any CPU
	EndGlobalSection
	GlobalSection(SolutionProperties) = preSolution
		HideSolutionNode = FALSE
	EndGlobalSection
	GlobalSection(ExtensibilityGlobals) = postSolution
		SolutionGuid = {E56EFDA6-CAA1-4E4D-844B-2A9A742793F7}
	EndGlobalSection
EndGlobal
